
Microsoft Visual Studio Solution File, Format Version 12.00
# Visual Studio Version 16
VisualStudioVersion = 16.0.30523.141
MinimumVisualStudioVersion = 10.0.40219.1
Project("{FAE04EC0-301F-11D3-BF4B-00C04F79EFBC}") = "ICourses", "ICourses\ICourses.csproj", "{BC444F15-1B56-46C2-9AC5-EC1A51E78EE4}"
EndProject
Global
	GlobalSection(SolutionConfigurationPlatforms) = preSolution
		Debug|Any CPU = Debug|Any CPU
		Release|Any CPU = Release|Any CPU
	EndGlobalSection
	GlobalSection(ProjectConfigurationPlatforms) = postSolution
		{BC444F15-1B56-46C2-9AC5-EC1A51E78EE4}.Debug|Any CPU.ActiveCfg = Debug|Any CPU
		{BC444F15-1B56-46C2-9AC5-EC1A51E78EE4}.Debug|Any CPU.Build.0 = Debug|Any CPU
		{BC444F15-1B56-46C2-9AC5-EC1A51E78EE4}.Release|Any CPU.ActiveCfg = Release|Any CPU
		{BC444F15-1B56-46C2-9AC5-EC1A51E78EE4}.Release|Any CPU.Build.0 = Release|Any CPU
	EndGlobalSection
	GlobalSection(SolutionProperties) = preSolution
		HideSolutionNode = FALSE
	EndGlobalSection
	GlobalSection(ExtensibilityGlobals) = postSolution
		SolutionGuid = {3D3FC1FF-4FA8-484A-AF16-F1CC2D103449}
	EndGlobalSection
EndGlobal
